
Microsoft Visual Studio Solution File, Format Version 12.00
# Visual Studio Version 16
VisualStudioVersion = 16.0.28705.295
MinimumVisualStudioVersion = 10.0.40219.1
Project("{9A19103F-16F7-4668-BE54-9A1E7A4F7556}") = "MineServer", "MineServer\MineServer.csproj", "{3C644306-2036-4357-9C3F-8E5C37CBEE4F}"
EndProject
Project("{9A19103F-16F7-4668-BE54-9A1E7A4F7556}") = "ConsoleApp1", "ConsoleApp1\ConsoleApp1.csproj", "{BBDEBCBE-5E83-4B12-A8FA-0F89C5A06D01}"
EndProject
Global
	GlobalSection(SolutionConfigurationPlatforms) = preSolution
		Debug|Any CPU = Debug|Any CPU
		Release|Any CPU = Release|Any CPU
	EndGlobalSection
	GlobalSection(ProjectConfigurationPlatforms) = postSolution
		{3C644306-2036-4357-9C3F-8E5C37CBEE4F}.Debug|Any CPU.ActiveCfg = Debug|Any CPU
		{3C644306-2036-4357-9C3F-8E5C37CBEE4F}.Debug|Any CPU.Build.0 = Debug|Any CPU
		{3C644306-2036-4357-9C3F-8E5C37CBEE4F}.Release|Any CPU.ActiveCfg = Release|Any CPU
		{3C644306-2036-4357-9C3F-8E5C37CBEE4F}.Release|Any CPU.Build.0 = Release|Any CPU
		{BBDEBCBE-5E83-4B12-A8FA-0F89C5A06D01}.Debug|Any CPU.ActiveCfg = Debug|Any CPU
		{BBDEBCBE-5E83-4B12-A8FA-0F89C5A06D01}.Debug|Any CPU.Build.0 = Debug|Any CPU
		{BBDEBCBE-5E83-4B12-A8FA-0F89C5A06D01}.Release|Any CPU.ActiveCfg = Release|Any CPU
		{BBDEBCBE-5E83-4B12-A8FA-0F89C5A06D01}.Release|Any CPU.Build.0 = Release|Any CPU
	EndGlobalSection
	GlobalSection(SolutionProperties) = preSolution
		HideSolutionNode = FALSE
	EndGlobalSection
	GlobalSection(ExtensibilityGlobals) = postSolution
		SolutionGuid = {E2581601-6F3F-44D3-B21D-8A5E5DE1D8E4}
	EndGlobalSection
EndGlobal
